
Microsoft Visual Studio Solution File, Format Version 12.00
Project("{FAE04EC0-301F-11D3-BF4B-00C04F79EFBC}") = "Case.Domain", "Case.Domain\Case.Domain.csproj", "{4F4EA5EB-6F2B-43D4-AFC3-8F210AB4C0A8}"
EndProject
Project("{FAE04EC0-301F-11D3-BF4B-00C04F79EFBC}") = "Case.Application", "Case.Application\Case.Application.csproj", "{6A48BFBE-D9D9-402D-A14A-44B18113CD2A}"
EndProject
Project("{FAE04EC0-301F-11D3-BF4B-00C04F79EFBC}") = "Case.Persistance", "Case.Persistance\Case.Persistance.csproj", "{A59CB4E9-B58E-405A-9DC5-4C2621EFC5AF}"
EndProject
Project("{FAE04EC0-301F-11D3-BF4B-00C04F79EFBC}") = "Case.Api", "Case.Api\Case.Api.csproj", "{3FAB4F39-8FA6-4803-AC45-6C661DA40F5F}"
EndProject
Project("{FAE04EC0-301F-11D3-BF4B-00C04F79EFBC}") = "Case.Infrastructure", "Case.Infrastructure\Case.Infrastructure.csproj", "{E84FE323-57A0-4E05-9EEC-E7006B5D6BC9}"
EndProject
Global
	GlobalSection(SolutionConfigurationPlatforms) = preSolution
		Debug|Any CPU = Debug|Any CPU
		Release|Any CPU = Release|Any CPU
	EndGlobalSection
	GlobalSection(ProjectConfigurationPlatforms) = postSolution
		{4F4EA5EB-6F2B-43D4-AFC3-8F210AB4C0A8}.Debug|Any CPU.ActiveCfg = Debug|Any CPU
		{4F4EA5EB-6F2B-43D4-AFC3-8F210AB4C0A8}.Debug|Any CPU.Build.0 = Debug|Any CPU
		{4F4EA5EB-6F2B-43D4-AFC3-8F210AB4C0A8}.Release|Any CPU.ActiveCfg = Release|Any CPU
		{4F4EA5EB-6F2B-43D4-AFC3-8F210AB4C0A8}.Release|Any CPU.Build.0 = Release|Any CPU
		{6A48BFBE-D9D9-402D-A14A-44B18113CD2A}.Debug|Any CPU.ActiveCfg = Debug|Any CPU
		{6A48BFBE-D9D9-402D-A14A-44B18113CD2A}.Debug|Any CPU.Build.0 = Debug|Any CPU
		{6A48BFBE-D9D9-402D-A14A-44B18113CD2A}.Release|Any CPU.ActiveCfg = Release|Any CPU
		{6A48BFBE-D9D9-402D-A14A-44B18113CD2A}.Release|Any CPU.Build.0 = Release|Any CPU
		{A59CB4E9-B58E-405A-9DC5-4C2621EFC5AF}.Debug|Any CPU.ActiveCfg = Debug|Any CPU
		{A59CB4E9-B58E-405A-9DC5-4C2621EFC5AF}.Debug|Any CPU.Build.0 = Debug|Any CPU
		{A59CB4E9-B58E-405A-9DC5-4C2621EFC5AF}.Release|Any CPU.ActiveCfg = Release|Any CPU
		{A59CB4E9-B58E-405A-9DC5-4C2621EFC5AF}.Release|Any CPU.Build.0 = Release|Any CPU
		{3FAB4F39-8FA6-4803-AC45-6C661DA40F5F}.Debug|Any CPU.ActiveCfg = Debug|Any CPU
		{3FAB4F39-8FA6-4803-AC45-6C661DA40F5F}.Debug|Any CPU.Build.0 = Debug|Any CPU
		{3FAB4F39-8FA6-4803-AC45-6C661DA40F5F}.Release|Any CPU.ActiveCfg = Release|Any CPU
		{3FAB4F39-8FA6-4803-AC45-6C661DA40F5F}.Release|Any CPU.Build.0 = Release|Any CPU
		{E84FE323-57A0-4E05-9EEC-E7006B5D6BC9}.Debug|Any CPU.ActiveCfg = Debug|Any CPU
		{E84FE323-57A0-4E05-9EEC-E7006B5D6BC9}.Debug|Any CPU.Build.0 = Debug|Any CPU
		{E84FE323-57A0-4E05-9EEC-E7006B5D6BC9}.Release|Any CPU.ActiveCfg = Release|Any CPU
		{E84FE323-57A0-4E05-9EEC-E7006B5D6BC9}.Release|Any CPU.Build.0 = Release|Any CPU
	EndGlobalSection
EndGlobal
